{"1.2.0",
[{<<"quickrand">>,{pkg,<<"quickrand">>,<<"2.0.5">>},1},
 {<<"ranch">>,{pkg,<<"ranch">>,<<"1.7.1">>},0},
 {<<"recon">>,{pkg,<<"recon">>,<<"2.5.0">>},0},
 {<<"uuid">>,{pkg,<<"uuid_erl">>,<<"2.0.5">>},0}]}.
[
{pkg_hash,[
 {<<"quickrand">>, <<"06FCAD85CB47D5C85C51D6BC9C84A082501BA098A89D64AD0A2F69599E034C04">>},
 {<<"ranch">>, <<"6B1FAB51B49196860B733A49C07604465A47BDB78AA10C1C16A3D199F7F8C881">>},
 {<<"recon">>, <<"2F7FCBEC2C35034BADE2F9717F77059DC54EB4E929A3049CA7BA6775C0BD66CD">>},
 {<<"uuid">>, <<"60FAEEB7EDFD40847ED13CB0DD1044BAABE4E79A00C0CA9C4D13A073914B1016">>}]},
{pkg_hash_ext,[
 {<<"quickrand">>, <<"252CF0493570EBF1A58985CB71990982CDDCD4396B6427F1E10CF58924C1C052">>},
 {<<"ranch">>, <<"451D8527787DF716D99DC36162FCA05934915DB0B6141BBDAC2EA8D3C7AFC7D7">>},
 {<<"recon">>, <<"72F3840FEDD94F06315C523F6CECF5B4827233BED7AE3FE135B2A0EBEAB5E196">>},
 {<<"uuid">>, <<"E54373262CA88401689277947C54B95E9ECBC977BD5C57C9DD44AD9DA278E360">>}]}
].
